
Microsoft Visual Studio Solution File, Format Version 12.00
# Visual Studio Version 17
VisualStudioVersion = 17.3.32811.315
MinimumVisualStudioVersion = 10.0.40219.1
Project("{FAE04EC0-301F-11D3-BF4B-00C04F79EFBC}") = "IT232_PECK_UNIT7", "IT232_PECK_UNIT7.csproj", "{60C78AB3-AFF4-4115-8961-D71FE3756DF2}"
EndProject
Global
	GlobalSection(SolutionConfigurationPlatforms) = preSolution
		Debug|Any CPU = Debug|Any CPU
		Release|Any CPU = Release|Any CPU
	EndGlobalSection
	GlobalSection(ProjectConfigurationPlatforms) = postSolution
		{60C78AB3-AFF4-4115-8961-D71FE3756DF2}.Debug|Any CPU.ActiveCfg = Debug|Any CPU
		{60C78AB3-AFF4-4115-8961-D71FE3756DF2}.Debug|Any CPU.Build.0 = Debug|Any CPU
		{60C78AB3-AFF4-4115-8961-D71FE3756DF2}.Release|Any CPU.ActiveCfg = Release|Any CPU
		{60C78AB3-AFF4-4115-8961-D71FE3756DF2}.Release|Any CPU.Build.0 = Release|Any CPU
	EndGlobalSection
	GlobalSection(SolutionProperties) = preSolution
		HideSolutionNode = FALSE
	EndGlobalSection
	GlobalSection(ExtensibilityGlobals) = postSolution
		SolutionGuid = {AE39A555-6ABB-4C71-BE47-7CD765780B37}
	EndGlobalSection
EndGlobal
